{
  "name": "Lesson_5",
  "version": "1.0.0",
  "lockfileVersion": 1,
  "requires": true,
  "dependencies": {
    "binaryextensions": {
      "version": "4.15.0",
      "resolved": "https://registry.npmjs.org/binaryextensions/-/binaryextensions-4.15.0.tgz",
      "integrity": "sha512-MkUl3szxXolQ2scI1PM14WOT951KnaTNJ0eMKg7WzOI4kvSxyNo/Cygx4LOBNhwyINhAuSQpJW1rYD9aBSxGaw=="
    },
    "dotenv": {
      "version": "10.0.0",
      "resolved": "https://registry.npmjs.org/dotenv/-/dotenv-10.0.0.tgz",
      "integrity": "sha512-rlBi9d8jpv9Sf1klPjNfFAuWDjKLwTIJJ/VxtoTwIR6hnZxcEOQCZg2oIL3MWBYw5GpUDKOEnND7LXTbIpQ03Q=="
    },
    "editions": {
      "version": "6.1.0",
      "resolved": "https://registry.npmjs.org/editions/-/editions-6.1.0.tgz",
      "integrity": "sha512-h6nWEyIocfgho9J3sTSuhU/WoFOu1hTX75rPBebNrbF38Y9QFDjCDizYXdikHTySW7Y3mSxli8bpDz9RAtc7rA==",
      "requires": {
        "errlop": "^4.0.0",
        "version-range": "^1.0.0"
      }
    },
    "errlop": {
      "version": "4.1.0",
      "resolved": "https://registry.npmjs.org/errlop/-/errlop-4.1.0.tgz",
      "integrity": "sha512-vul6gGBuVt0M2TPi1/WrcL86+Hb3Q2Tpu3TME3sbVhZrYf7J1ZMHCodI25RQKCVurh56qTfvgM0p3w5cT4reSQ=="
    },
    "istextorbinary": {
      "version": "5.12.0",
      "resolved": "https://registry.npmjs.org/istextorbinary/-/istextorbinary-5.12.0.tgz",
      "integrity": "sha512-wLDRWD7qpNTYubk04+q3en1+XZGS4vYWK0+SxNSXJLaITMMEK+J3o/TlOMyULeH1qozVZ9uUkKcyMA8odyxz8w==",
      "requires": {
        "binaryextensions": "^4.15.0",
        "editions": "^6.1.0",
        "textextensions": "^5.11.0"
      }
    },
    "textextensions": {
      "version": "5.12.0",
      "resolved": "https://registry.npmjs.org/textextensions/-/textextensions-5.12.0.tgz",
      "integrity": "sha512-IYogUDaP65IXboCiPPC0jTLLBzYlhhw2Y4b0a2trPgbHNGGGEfuHE6tds+yDcCf4mpNDaGISFzwSSezcXt+d6w=="
    },
    "version-compare": {
      "version": "1.1.0",
      "resolved": "https://registry.npmjs.org/version-compare/-/version-compare-1.1.0.tgz",
      "integrity": "sha512-zVKtPOJTC9x23lzS4+4D7J+drq80BXVYAmObnr5zqxxFVH7OffJ1lJlAS7LYsQNV56jx/wtbw0UV7XHLrvd6kQ=="
    },
    "version-range": {
      "version": "1.1.0",
      "resolved": "https://registry.npmjs.org/version-range/-/version-range-1.1.0.tgz",
      "integrity": "sha512-R1Ggfg2EXamrnrV3TkZ6yBNgITDbclB3viwSjbZ3+eK0VVNK4ajkYJTnDz5N0bIMYDtK9MUBvXJUnKO5RWWJ6w==",
      "requires": {
        "version-compare": "^1.0.0"
      }
    }
  }
}
